
Microsoft Visual Studio Solution File, Format Version 12.00
# Visual Studio Version 16
VisualStudioVersion = 16.0.29326.143
MinimumVisualStudioVersion = 10.0.40219.1
Project("{2150E333-8FDC-42A3-9474-1A3956D46DE8}") = "2015", "2015", "{0F9CB354-E5FF-40A6-845C-D1A4DD665B44}"
EndProject
Project("{2150E333-8FDC-42A3-9474-1A3956D46DE8}") = "2016", "2016", "{1A399658-A113-45A9-A511-07CF19A35F71}"
EndProject
Project("{2150E333-8FDC-42A3-9474-1A3956D46DE8}") = "2017", "2017", "{160A9749-0519-46B2-BEFA-875C1BE09A24}"
EndProject
Project("{2150E333-8FDC-42A3-9474-1A3956D46DE8}") = "2018", "2018", "{0474408A-01B6-41A8-B575-939A62DFBCD0}"
EndProject
Project("{9A19103F-16F7-4668-BE54-9A1E7A4F7556}") = "2015.01", "2015\Day1\2015.01.csproj", "{40E46B9F-6657-4A73-9953-A6D1BD71C64B}"
EndProject
Project("{9A19103F-16F7-4668-BE54-9A1E7A4F7556}") = "2015.02", "2015\Day2\2015.02.csproj", "{7BDF0BC6-CAB1-4231-BD30-71E3658C1370}"
EndProject
Project("{9A19103F-16F7-4668-BE54-9A1E7A4F7556}") = "2015.03", "2015\Day3\2015.03.csproj", "{095917C5-6B66-4F83-8DC9-0C127EF428CE}"
EndProject
Project("{9A19103F-16F7-4668-BE54-9A1E7A4F7556}") = "2015.04", "2015\Day4\2015.04.csproj", "{68E1C37A-B294-4EED-A44D-CDF719DB34EB}"
EndProject
Project("{9A19103F-16F7-4668-BE54-9A1E7A4F7556}") = "2018.01", "2018\Day1\2018.01.csproj", "{5E8CC168-0F40-4B7C-A78A-07F2D2AF0972}"
EndProject
Project("{9A19103F-16F7-4668-BE54-9A1E7A4F7556}") = "2018.03", "2018\Day3\2018.03.csproj", "{9BA6D664-BD17-40BC-B84D-976E63CEB3B1}"
EndProject
Project("{9A19103F-16F7-4668-BE54-9A1E7A4F7556}") = "2015.05", "2015\Day5\2015.05.csproj", "{C9D9F540-3F16-4294-8244-5669C4DA141C}"
EndProject
Project("{9A19103F-16F7-4668-BE54-9A1E7A4F7556}") = "2015.06", "2015\Day6\2015.06.csproj", "{C7900AF5-C9B4-4439-8DFA-1E45A4C574F1}"
EndProject
Project("{9A19103F-16F7-4668-BE54-9A1E7A4F7556}") = "2018.02", "2018\Day2\2018.02.csproj", "{8CE6E6CF-8984-40BD-8C8E-50774B02108D}"
EndProject
Project("{9A19103F-16F7-4668-BE54-9A1E7A4F7556}") = "2018.04", "2018\Day4\2018.04.csproj", "{B1AFE100-C320-44DE-9E5A-702A483DEC9D}"
EndProject
Project("{9A19103F-16F7-4668-BE54-9A1E7A4F7556}") = "2018.05", "2018\Day5\2018.05.csproj", "{445DF7A2-D683-4866-BC38-97C53F0F270E}"
EndProject
Project("{9A19103F-16F7-4668-BE54-9A1E7A4F7556}") = "2018.06", "2018\Day6\2018.06.csproj", "{C64DE42A-F673-4EDD-BD97-DE590D80E695}"
EndProject
Project("{9A19103F-16F7-4668-BE54-9A1E7A4F7556}") = "2018.08", "2018\Day8\2018.08.csproj", "{5D42B406-9D6D-41FD-AF1C-EB1A21994868}"
EndProject
Project("{9A19103F-16F7-4668-BE54-9A1E7A4F7556}") = "2018.10", "2018\Day10\2018.10.csproj", "{EB0FD25E-89DE-4EF0-ADF4-5E64A3CAA537}"
EndProject
Project("{9A19103F-16F7-4668-BE54-9A1E7A4F7556}") = "2018.11", "2018\Day11\2018.11.csproj", "{6F6E37B5-23CF-4BA5-925C-644E9691B99D}"
EndProject
Project("{9A19103F-16F7-4668-BE54-9A1E7A4F7556}") = "2018.13", "2018\Day13\2018.13.csproj", "{8E5DD43E-9146-4015-9F69-76D33342ACBE}"
EndProject
Project("{9A19103F-16F7-4668-BE54-9A1E7A4F7556}") = "2018.07", "2018\Day7\2018.07.csproj", "{58C79F6A-F178-44D1-B75E-0BE57293EB9F}"
EndProject
Project("{9A19103F-16F7-4668-BE54-9A1E7A4F7556}") = "2018.12", "2018\Day12\2018.12.csproj", "{77EBBD4C-C200-4BD3-9C93-CD75D50B01B1}"
EndProject
Project("{9A19103F-16F7-4668-BE54-9A1E7A4F7556}") = "2018.16", "2018\Day16\2018.16.csproj", "{90181185-F643-4577-AB8B-664F4C022757}"
EndProject
Project("{9A19103F-16F7-4668-BE54-9A1E7A4F7556}") = "2018.18", "2018\Day18\2018.18.csproj", "{E435DA75-DA3D-4233-A65E-7C56C1CEC014}"
EndProject
Project("{9A19103F-16F7-4668-BE54-9A1E7A4F7556}") = "2018.23", "2018\Day23\2018.23.csproj", "{1921705D-CF74-4D4D-AC7C-33B73FF9D8A7}"
EndProject
Project("{9A19103F-16F7-4668-BE54-9A1E7A4F7556}") = "2018.09", "2018\Day9\2018.09.csproj", "{8D1A3D4B-3366-4168-82DB-C8998612471F}"
EndProject
Project("{9A19103F-16F7-4668-BE54-9A1E7A4F7556}") = "2018.17", "2018\Day17\2018.17.csproj", "{20DF195C-F4BE-4E01-8EC9-DF69D488D00D}"
EndProject
Project("{9A19103F-16F7-4668-BE54-9A1E7A4F7556}") = "2016.01", "2016\Day1\2016.01.csproj", "{CB4DA202-1D4F-41E2-997B-D9C2BF6221D5}"
EndProject
Project("{9A19103F-16F7-4668-BE54-9A1E7A4F7556}") = "2015.07", "2015\Day7\2015.07.csproj", "{BDF80DB2-620C-4F1F-BD02-BB3995DE81E0}"
EndProject
Project("{2150E333-8FDC-42A3-9474-1A3956D46DE8}") = "2019", "2019", "{0FC6B6BF-BB80-41B4-90E6-7730A452F855}"
EndProject
Project("{9A19103F-16F7-4668-BE54-9A1E7A4F7556}") = "2019.01", "2019\Day1\2019.01.csproj", "{82399932-0AC3-4CFD-BFED-9E95FAAA9C7E}"
EndProject
Project("{9A19103F-16F7-4668-BE54-9A1E7A4F7556}") = "2019.02", "2019\Day2\2019.02.csproj", "{57DB934A-55EB-4D1D-952F-07BB214D4F93}"
EndProject
Project("{9A19103F-16F7-4668-BE54-9A1E7A4F7556}") = "2019.03", "2019\Day3\2019.03.csproj", "{5DEAE7E9-32DD-47B5-9895-D88FF881D7C2}"
EndProject
Project("{9A19103F-16F7-4668-BE54-9A1E7A4F7556}") = "2019.04", "2019\Day4\2019.04.csproj", "{53E5DF7C-A0A9-4C30-8B3C-9974FCA64FB7}"
EndProject
Project("{9A19103F-16F7-4668-BE54-9A1E7A4F7556}") = "2019.05", "2019\Day5\2019.05.csproj", "{015B37D8-87EA-416E-8633-A1555BFD11E9}"
EndProject
Project("{9A19103F-16F7-4668-BE54-9A1E7A4F7556}") = "2019.06", "2019\Day6\2019.06.csproj", "{244E145F-F731-42DF-9A61-A67B939BB033}"
EndProject
Project("{9A19103F-16F7-4668-BE54-9A1E7A4F7556}") = "2019.08", "2019\Day8\2019.08.csproj", "{35E05A09-5990-418F-BFB2-D3B1059EDF89}"
EndProject
Project("{2150E333-8FDC-42A3-9474-1A3956D46DE8}") = "2020", "2020", "{DA4BC45A-4ABB-4B2C-A015-7444C6C5EE73}"
EndProject
Project("{9A19103F-16F7-4668-BE54-9A1E7A4F7556}") = "2020.01", "2020\Day1\2020.01.csproj", "{B5BB10C3-7963-4877-B59F-77CCA884BFCC}"
EndProject
Project("{9A19103F-16F7-4668-BE54-9A1E7A4F7556}") = "2015.08", "2015\Day8\2015.08.csproj", "{77737C0D-1A47-404B-B3C4-4B7C2318E0F9}"
EndProject
Project("{9A19103F-16F7-4668-BE54-9A1E7A4F7556}") = "2015.09", "2015\Day9\2015.09.csproj", "{7C2B8E5C-1121-4053-986A-7EF9F8D79FD4}"
EndProject
Project("{9A19103F-16F7-4668-BE54-9A1E7A4F7556}") = "2015.24", "2015\Day24\2015.24.csproj", "{EA494279-53DF-4DC3-B880-10BD0490CAC3}"
EndProject
Project("{9A19103F-16F7-4668-BE54-9A1E7A4F7556}") = "2020.02", "2020\Day2\2020.02.csproj", "{49F47A3B-3ACB-4726-88C5-554DE353C892}"
EndProject
Project("{9A19103F-16F7-4668-BE54-9A1E7A4F7556}") = "2020.03", "2020\Day3\2020.03.csproj", "{89797B28-63CF-43A8-B797-A61C29843192}"
EndProject
Project("{9A19103F-16F7-4668-BE54-9A1E7A4F7556}") = "2015.10", "2015\Day10\2015.10.csproj", "{6E48C41A-D4CA-4D3D-8F4A-320B4D0628FA}"
EndProject
Project("{9A19103F-16F7-4668-BE54-9A1E7A4F7556}") = "2015.11", "2015\Day11\2015.11.csproj", "{AE2CC7C8-7E09-4054-8BEA-13AA8DDE852C}"
EndProject
Project("{FAE04EC0-301F-11D3-BF4B-00C04F79EFBC}") = "2015.12", "2015\Day12\2015.12.csproj", "{E48A7A0C-77B4-4DCB-AAED-809394E642B9}"
EndProject
Project("{FAE04EC0-301F-11D3-BF4B-00C04F79EFBC}") = "2015.13", "2015\Day13\2015.13.csproj", "{95254622-8FF1-46A2-A8BC-2307B4D13B2C}"
EndProject
Project("{FAE04EC0-301F-11D3-BF4B-00C04F79EFBC}") = "2020.04", "2020\Day04\2020.04.csproj", "{FD439F67-C5BD-4E36-B1EB-B089D01EB672}"
EndProject
Global
	GlobalSection(SolutionConfigurationPlatforms) = preSolution
		Debug|Any CPU = Debug|Any CPU
		Release|Any CPU = Release|Any CPU
	EndGlobalSection
	GlobalSection(ProjectConfigurationPlatforms) = postSolution
		{40E46B9F-6657-4A73-9953-A6D1BD71C64B}.Debug|Any CPU.ActiveCfg = Debug|Any CPU
		{40E46B9F-6657-4A73-9953-A6D1BD71C64B}.Debug|Any CPU.Build.0 = Debug|Any CPU
		{40E46B9F-6657-4A73-9953-A6D1BD71C64B}.Release|Any CPU.ActiveCfg = Release|Any CPU
		{40E46B9F-6657-4A73-9953-A6D1BD71C64B}.Release|Any CPU.Build.0 = Release|Any CPU
		{7BDF0BC6-CAB1-4231-BD30-71E3658C1370}.Debug|Any CPU.ActiveCfg = Debug|Any CPU
		{7BDF0BC6-CAB1-4231-BD30-71E3658C1370}.Debug|Any CPU.Build.0 = Debug|Any CPU
		{7BDF0BC6-CAB1-4231-BD30-71E3658C1370}.Release|Any CPU.ActiveCfg = Release|Any CPU
		{7BDF0BC6-CAB1-4231-BD30-71E3658C1370}.Release|Any CPU.Build.0 = Release|Any CPU
		{095917C5-6B66-4F83-8DC9-0C127EF428CE}.Debug|Any CPU.ActiveCfg = Debug|Any CPU
		{095917C5-6B66-4F83-8DC9-0C127EF428CE}.Debug|Any CPU.Build.0 = Debug|Any CPU
		{095917C5-6B66-4F83-8DC9-0C127EF428CE}.Release|Any CPU.ActiveCfg = Release|Any CPU
		{095917C5-6B66-4F83-8DC9-0C127EF428CE}.Release|Any CPU.Build.0 = Release|Any CPU
		{68E1C37A-B294-4EED-A44D-CDF719DB34EB}.Debug|Any CPU.ActiveCfg = Debug|Any CPU
		{68E1C37A-B294-4EED-A44D-CDF719DB34EB}.Debug|Any CPU.Build.0 = Debug|Any CPU
		{68E1C37A-B294-4EED-A44D-CDF719DB34EB}.Release|Any CPU.ActiveCfg = Release|Any CPU
		{68E1C37A-B294-4EED-A44D-CDF719DB34EB}.Release|Any CPU.Build.0 = Release|Any CPU
		{5E8CC168-0F40-4B7C-A78A-07F2D2AF0972}.Debug|Any CPU.ActiveCfg = Debug|Any CPU
		{5E8CC168-0F40-4B7C-A78A-07F2D2AF0972}.Debug|Any CPU.Build.0 = Debug|Any CPU
		{5E8CC168-0F40-4B7C-A78A-07F2D2AF0972}.Release|Any CPU.ActiveCfg = Release|Any CPU
		{5E8CC168-0F40-4B7C-A78A-07F2D2AF0972}.Release|Any CPU.Build.0 = Release|Any CPU
		{9BA6D664-BD17-40BC-B84D-976E63CEB3B1}.Debug|Any CPU.ActiveCfg = Debug|Any CPU
		{9BA6D664-BD17-40BC-B84D-976E63CEB3B1}.Debug|Any CPU.Build.0 = Debug|Any CPU
		{9BA6D664-BD17-40BC-B84D-976E63CEB3B1}.Release|Any CPU.ActiveCfg = Release|Any CPU
		{9BA6D664-BD17-40BC-B84D-976E63CEB3B1}.Release|Any CPU.Build.0 = Release|Any CPU
		{C9D9F540-3F16-4294-8244-5669C4DA141C}.Debug|Any CPU.ActiveCfg = Debug|Any CPU
		{C9D9F540-3F16-4294-8244-5669C4DA141C}.Debug|Any CPU.Build.0 = Debug|Any CPU
		{C9D9F540-3F16-4294-8244-5669C4DA141C}.Release|Any CPU.ActiveCfg = Release|Any CPU
		{C9D9F540-3F16-4294-8244-5669C4DA141C}.Release|Any CPU.Build.0 = Release|Any CPU
		{C7900AF5-C9B4-4439-8DFA-1E45A4C574F1}.Debug|Any CPU.ActiveCfg = Debug|Any CPU
		{C7900AF5-C9B4-4439-8DFA-1E45A4C574F1}.Debug|Any CPU.Build.0 = Debug|Any CPU
		{C7900AF5-C9B4-4439-8DFA-1E45A4C574F1}.Release|Any CPU.ActiveCfg = Release|Any CPU
		{C7900AF5-C9B4-4439-8DFA-1E45A4C574F1}.Release|Any CPU.Build.0 = Release|Any CPU
		{8CE6E6CF-8984-40BD-8C8E-50774B02108D}.Debug|Any CPU.ActiveCfg = Debug|Any CPU
		{8CE6E6CF-8984-40BD-8C8E-50774B02108D}.Debug|Any CPU.Build.0 = Debug|Any CPU
		{8CE6E6CF-8984-40BD-8C8E-50774B02108D}.Release|Any CPU.ActiveCfg = Release|Any CPU
		{8CE6E6CF-8984-40BD-8C8E-50774B02108D}.Release|Any CPU.Build.0 = Release|Any CPU
		{B1AFE100-C320-44DE-9E5A-702A483DEC9D}.Debug|Any CPU.ActiveCfg = Debug|Any CPU
		{B1AFE100-C320-44DE-9E5A-702A483DEC9D}.Debug|Any CPU.Build.0 = Debug|Any CPU
		{B1AFE100-C320-44DE-9E5A-702A483DEC9D}.Release|Any CPU.ActiveCfg = Release|Any CPU
		{B1AFE100-C320-44DE-9E5A-702A483DEC9D}.Release|Any CPU.Build.0 = Release|Any CPU
		{445DF7A2-D683-4866-BC38-97C53F0F270E}.Debug|Any CPU.ActiveCfg = Debug|Any CPU
		{445DF7A2-D683-4866-BC38-97C53F0F270E}.Debug|Any CPU.Build.0 = Debug|Any CPU
		{445DF7A2-D683-4866-BC38-97C53F0F270E}.Release|Any CPU.ActiveCfg = Release|Any CPU
		{445DF7A2-D683-4866-BC38-97C53F0F270E}.Release|Any CPU.Build.0 = Release|Any CPU
		{C64DE42A-F673-4EDD-BD97-DE590D80E695}.Debug|Any CPU.ActiveCfg = Debug|Any CPU
		{C64DE42A-F673-4EDD-BD97-DE590D80E695}.Debug|Any CPU.Build.0 = Debug|Any CPU
		{C64DE42A-F673-4EDD-BD97-DE590D80E695}.Release|Any CPU.ActiveCfg = Release|Any CPU
		{C64DE42A-F673-4EDD-BD97-DE590D80E695}.Release|Any CPU.Build.0 = Release|Any CPU
		{5D42B406-9D6D-41FD-AF1C-EB1A21994868}.Debug|Any CPU.ActiveCfg = Debug|Any CPU
		{5D42B406-9D6D-41FD-AF1C-EB1A21994868}.Debug|Any CPU.Build.0 = Debug|Any CPU
		{5D42B406-9D6D-41FD-AF1C-EB1A21994868}.Release|Any CPU.ActiveCfg = Release|Any CPU
		{5D42B406-9D6D-41FD-AF1C-EB1A21994868}.Release|Any CPU.Build.0 = Release|Any CPU
		{EB0FD25E-89DE-4EF0-ADF4-5E64A3CAA537}.Debug|Any CPU.ActiveCfg = Debug|Any CPU
		{EB0FD25E-89DE-4EF0-ADF4-5E64A3CAA537}.Debug|Any CPU.Build.0 = Debug|Any CPU
		{EB0FD25E-89DE-4EF0-ADF4-5E64A3CAA537}.Release|Any CPU.ActiveCfg = Release|Any CPU
		{EB0FD25E-89DE-4EF0-ADF4-5E64A3CAA537}.Release|Any CPU.Build.0 = Release|Any CPU
		{6F6E37B5-23CF-4BA5-925C-644E9691B99D}.Debug|Any CPU.ActiveCfg = Debug|Any CPU
		{6F6E37B5-23CF-4BA5-925C-644E9691B99D}.Debug|Any CPU.Build.0 = Debug|Any CPU
		{6F6E37B5-23CF-4BA5-925C-644E9691B99D}.Release|Any CPU.ActiveCfg = Release|Any CPU
		{6F6E37B5-23CF-4BA5-925C-644E9691B99D}.Release|Any CPU.Build.0 = Release|Any CPU
		{8E5DD43E-9146-4015-9F69-76D33342ACBE}.Debug|Any CPU.ActiveCfg = Debug|Any CPU
		{8E5DD43E-9146-4015-9F69-76D33342ACBE}.Debug|Any CPU.Build.0 = Debug|Any CPU
		{8E5DD43E-9146-4015-9F69-76D33342ACBE}.Release|Any CPU.ActiveCfg = Release|Any CPU
		{8E5DD43E-9146-4015-9F69-76D33342ACBE}.Release|Any CPU.Build.0 = Release|Any CPU
		{58C79F6A-F178-44D1-B75E-0BE57293EB9F}.Debug|Any CPU.ActiveCfg = Debug|Any CPU
		{58C79F6A-F178-44D1-B75E-0BE57293EB9F}.Debug|Any CPU.Build.0 = Debug|Any CPU
		{58C79F6A-F178-44D1-B75E-0BE57293EB9F}.Release|Any CPU.ActiveCfg = Release|Any CPU
		{58C79F6A-F178-44D1-B75E-0BE57293EB9F}.Release|Any CPU.Build.0 = Release|Any CPU
		{77EBBD4C-C200-4BD3-9C93-CD75D50B01B1}.Debug|Any CPU.ActiveCfg = Debug|Any CPU
		{77EBBD4C-C200-4BD3-9C93-CD75D50B01B1}.Debug|Any CPU.Build.0 = Debug|Any CPU
		{77EBBD4C-C200-4BD3-9C93-CD75D50B01B1}.Release|Any CPU.ActiveCfg = Release|Any CPU
		{77EBBD4C-C200-4BD3-9C93-CD75D50B01B1}.Release|Any CPU.Build.0 = Release|Any CPU
		{90181185-F643-4577-AB8B-664F4C022757}.Debug|Any CPU.ActiveCfg = Debug|Any CPU
		{90181185-F643-4577-AB8B-664F4C022757}.Debug|Any CPU.Build.0 = Debug|Any CPU
		{90181185-F643-4577-AB8B-664F4C022757}.Release|Any CPU.ActiveCfg = Release|Any CPU
		{90181185-F643-4577-AB8B-664F4C022757}.Release|Any CPU.Build.0 = Release|Any CPU
		{E435DA75-DA3D-4233-A65E-7C56C1CEC014}.Debug|Any CPU.ActiveCfg = Debug|Any CPU
		{E435DA75-DA3D-4233-A65E-7C56C1CEC014}.Debug|Any CPU.Build.0 = Debug|Any CPU
		{E435DA75-DA3D-4233-A65E-7C56C1CEC014}.Release|Any CPU.ActiveCfg = Release|Any CPU
		{E435DA75-DA3D-4233-A65E-7C56C1CEC014}.Release|Any CPU.Build.0 = Release|Any CPU
		{1921705D-CF74-4D4D-AC7C-33B73FF9D8A7}.Debug|Any CPU.ActiveCfg = Debug|Any CPU
		{1921705D-CF74-4D4D-AC7C-33B73FF9D8A7}.Debug|Any CPU.Build.0 = Debug|Any CPU
		{1921705D-CF74-4D4D-AC7C-33B73FF9D8A7}.Release|Any CPU.ActiveCfg = Release|Any CPU
		{1921705D-CF74-4D4D-AC7C-33B73FF9D8A7}.Release|Any CPU.Build.0 = Release|Any CPU
		{8D1A3D4B-3366-4168-82DB-C8998612471F}.Debug|Any CPU.ActiveCfg = Debug|Any CPU
		{8D1A3D4B-3366-4168-82DB-C8998612471F}.Debug|Any CPU.Build.0 = Debug|Any CPU
		{8D1A3D4B-3366-4168-82DB-C8998612471F}.Release|Any CPU.ActiveCfg = Release|Any CPU
		{8D1A3D4B-3366-4168-82DB-C8998612471F}.Release|Any CPU.Build.0 = Release|Any CPU
		{20DF195C-F4BE-4E01-8EC9-DF69D488D00D}.Debug|Any CPU.ActiveCfg = Debug|Any CPU
		{20DF195C-F4BE-4E01-8EC9-DF69D488D00D}.Debug|Any CPU.Build.0 = Debug|Any CPU
		{20DF195C-F4BE-4E01-8EC9-DF69D488D00D}.Release|Any CPU.ActiveCfg = Release|Any CPU
		{20DF195C-F4BE-4E01-8EC9-DF69D488D00D}.Release|Any CPU.Build.0 = Release|Any CPU
		{CB4DA202-1D4F-41E2-997B-D9C2BF6221D5}.Debug|Any CPU.ActiveCfg = Debug|Any CPU
		{CB4DA202-1D4F-41E2-997B-D9C2BF6221D5}.Debug|Any CPU.Build.0 = Debug|Any CPU
		{CB4DA202-1D4F-41E2-997B-D9C2BF6221D5}.Release|Any CPU.ActiveCfg = Release|Any CPU
		{CB4DA202-1D4F-41E2-997B-D9C2BF6221D5}.Release|Any CPU.Build.0 = Release|Any CPU
		{BDF80DB2-620C-4F1F-BD02-BB3995DE81E0}.Debug|Any CPU.ActiveCfg = Debug|Any CPU
		{BDF80DB2-620C-4F1F-BD02-BB3995DE81E0}.Debug|Any CPU.Build.0 = Debug|Any CPU
		{BDF80DB2-620C-4F1F-BD02-BB3995DE81E0}.Release|Any CPU.ActiveCfg = Release|Any CPU
		{BDF80DB2-620C-4F1F-BD02-BB3995DE81E0}.Release|Any CPU.Build.0 = Release|Any CPU
		{82399932-0AC3-4CFD-BFED-9E95FAAA9C7E}.Debug|Any CPU.ActiveCfg = Debug|Any CPU
		{82399932-0AC3-4CFD-BFED-9E95FAAA9C7E}.Debug|Any CPU.Build.0 = Debug|Any CPU
		{82399932-0AC3-4CFD-BFED-9E95FAAA9C7E}.Release|Any CPU.ActiveCfg = Release|Any CPU
		{82399932-0AC3-4CFD-BFED-9E95FAAA9C7E}.Release|Any CPU.Build.0 = Release|Any CPU
		{57DB934A-55EB-4D1D-952F-07BB214D4F93}.Debug|Any CPU.ActiveCfg = Debug|Any CPU
		{57DB934A-55EB-4D1D-952F-07BB214D4F93}.Debug|Any CPU.Build.0 = Debug|Any CPU
		{57DB934A-55EB-4D1D-952F-07BB214D4F93}.Release|Any CPU.ActiveCfg = Release|Any CPU
		{57DB934A-55EB-4D1D-952F-07BB214D4F93}.Release|Any CPU.Build.0 = Release|Any CPU
		{5DEAE7E9-32DD-47B5-9895-D88FF881D7C2}.Debug|Any CPU.ActiveCfg = Debug|Any CPU
		{5DEAE7E9-32DD-47B5-9895-D88FF881D7C2}.Debug|Any CPU.Build.0 = Debug|Any CPU
		{5DEAE7E9-32DD-47B5-9895-D88FF881D7C2}.Release|Any CPU.ActiveCfg = Release|Any CPU
		{5DEAE7E9-32DD-47B5-9895-D88FF881D7C2}.Release|Any CPU.Build.0 = Release|Any CPU
		{53E5DF7C-A0A9-4C30-8B3C-9974FCA64FB7}.Debug|Any CPU.ActiveCfg = Debug|Any CPU
		{53E5DF7C-A0A9-4C30-8B3C-9974FCA64FB7}.Debug|Any CPU.Build.0 = Debug|Any CPU
		{53E5DF7C-A0A9-4C30-8B3C-9974FCA64FB7}.Release|Any CPU.ActiveCfg = Release|Any CPU
		{53E5DF7C-A0A9-4C30-8B3C-9974FCA64FB7}.Release|Any CPU.Build.0 = Release|Any CPU
		{015B37D8-87EA-416E-8633-A1555BFD11E9}.Debug|Any CPU.ActiveCfg = Debug|Any CPU
		{015B37D8-87EA-416E-8633-A1555BFD11E9}.Debug|Any CPU.Build.0 = Debug|Any CPU
		{015B37D8-87EA-416E-8633-A1555BFD11E9}.Release|Any CPU.ActiveCfg = Release|Any CPU
		{015B37D8-87EA-416E-8633-A1555BFD11E9}.Release|Any CPU.Build.0 = Release|Any CPU
		{244E145F-F731-42DF-9A61-A67B939BB033}.Debug|Any CPU.ActiveCfg = Debug|Any CPU
		{244E145F-F731-42DF-9A61-A67B939BB033}.Debug|Any CPU.Build.0 = Debug|Any CPU
		{244E145F-F731-42DF-9A61-A67B939BB033}.Release|Any CPU.ActiveCfg = Release|Any CPU
		{244E145F-F731-42DF-9A61-A67B939BB033}.Release|Any CPU.Build.0 = Release|Any CPU
		{35E05A09-5990-418F-BFB2-D3B1059EDF89}.Debug|Any CPU.ActiveCfg = Debug|Any CPU
		{35E05A09-5990-418F-BFB2-D3B1059EDF89}.Debug|Any CPU.Build.0 = Debug|Any CPU
		{35E05A09-5990-418F-BFB2-D3B1059EDF89}.Release|Any CPU.ActiveCfg = Release|Any CPU
		{35E05A09-5990-418F-BFB2-D3B1059EDF89}.Release|Any CPU.Build.0 = Release|Any CPU
		{B5BB10C3-7963-4877-B59F-77CCA884BFCC}.Debug|Any CPU.ActiveCfg = Debug|Any CPU
		{B5BB10C3-7963-4877-B59F-77CCA884BFCC}.Debug|Any CPU.Build.0 = Debug|Any CPU
		{B5BB10C3-7963-4877-B59F-77CCA884BFCC}.Release|Any CPU.ActiveCfg = Release|Any CPU
		{B5BB10C3-7963-4877-B59F-77CCA884BFCC}.Release|Any CPU.Build.0 = Release|Any CPU
		{77737C0D-1A47-404B-B3C4-4B7C2318E0F9}.Debug|Any CPU.ActiveCfg = Debug|Any CPU
		{77737C0D-1A47-404B-B3C4-4B7C2318E0F9}.Debug|Any CPU.Build.0 = Debug|Any CPU
		{77737C0D-1A47-404B-B3C4-4B7C2318E0F9}.Release|Any CPU.ActiveCfg = Release|Any CPU
		{77737C0D-1A47-404B-B3C4-4B7C2318E0F9}.Release|Any CPU.Build.0 = Release|Any CPU
		{7C2B8E5C-1121-4053-986A-7EF9F8D79FD4}.Debug|Any CPU.ActiveCfg = Debug|Any CPU
		{7C2B8E5C-1121-4053-986A-7EF9F8D79FD4}.Debug|Any CPU.Build.0 = Debug|Any CPU
		{7C2B8E5C-1121-4053-986A-7EF9F8D79FD4}.Release|Any CPU.ActiveCfg = Release|Any CPU
		{7C2B8E5C-1121-4053-986A-7EF9F8D79FD4}.Release|Any CPU.Build.0 = Release|Any CPU
		{EA494279-53DF-4DC3-B880-10BD0490CAC3}.Debug|Any CPU.ActiveCfg = Debug|Any CPU
		{EA494279-53DF-4DC3-B880-10BD0490CAC3}.Debug|Any CPU.Build.0 = Debug|Any CPU
		{EA494279-53DF-4DC3-B880-10BD0490CAC3}.Release|Any CPU.ActiveCfg = Release|Any CPU
		{EA494279-53DF-4DC3-B880-10BD0490CAC3}.Release|Any CPU.Build.0 = Release|Any CPU
		{49F47A3B-3ACB-4726-88C5-554DE353C892}.Debug|Any CPU.ActiveCfg = Debug|Any CPU
		{49F47A3B-3ACB-4726-88C5-554DE353C892}.Debug|Any CPU.Build.0 = Debug|Any CPU
		{49F47A3B-3ACB-4726-88C5-554DE353C892}.Release|Any CPU.ActiveCfg = Release|Any CPU
		{49F47A3B-3ACB-4726-88C5-554DE353C892}.Release|Any CPU.Build.0 = Release|Any CPU
		{89797B28-63CF-43A8-B797-A61C29843192}.Debug|Any CPU.ActiveCfg = Debug|Any CPU
		{89797B28-63CF-43A8-B797-A61C29843192}.Debug|Any CPU.Build.0 = Debug|Any CPU
		{89797B28-63CF-43A8-B797-A61C29843192}.Release|Any CPU.ActiveCfg = Release|Any CPU
		{89797B28-63CF-43A8-B797-A61C29843192}.Release|Any CPU.Build.0 = Release|Any CPU
		{6E48C41A-D4CA-4D3D-8F4A-320B4D0628FA}.Debug|Any CPU.ActiveCfg = Debug|Any CPU
		{6E48C41A-D4CA-4D3D-8F4A-320B4D0628FA}.Debug|Any CPU.Build.0 = Debug|Any CPU
		{6E48C41A-D4CA-4D3D-8F4A-320B4D0628FA}.Release|Any CPU.ActiveCfg = Release|Any CPU
		{6E48C41A-D4CA-4D3D-8F4A-320B4D0628FA}.Release|Any CPU.Build.0 = Release|Any CPU
		{AE2CC7C8-7E09-4054-8BEA-13AA8DDE852C}.Debug|Any CPU.ActiveCfg = Debug|Any CPU
		{AE2CC7C8-7E09-4054-8BEA-13AA8DDE852C}.Debug|Any CPU.Build.0 = Debug|Any CPU
		{AE2CC7C8-7E09-4054-8BEA-13AA8DDE852C}.Release|Any CPU.ActiveCfg = Release|Any CPU
		{AE2CC7C8-7E09-4054-8BEA-13AA8DDE852C}.Release|Any CPU.Build.0 = Release|Any CPU
		{E48A7A0C-77B4-4DCB-AAED-809394E642B9}.Debug|Any CPU.ActiveCfg = Debug|Any CPU
		{E48A7A0C-77B4-4DCB-AAED-809394E642B9}.Debug|Any CPU.Build.0 = Debug|Any CPU
		{E48A7A0C-77B4-4DCB-AAED-809394E642B9}.Release|Any CPU.ActiveCfg = Release|Any CPU
		{E48A7A0C-77B4-4DCB-AAED-809394E642B9}.Release|Any CPU.Build.0 = Release|Any CPU
		{95254622-8FF1-46A2-A8BC-2307B4D13B2C}.Debug|Any CPU.ActiveCfg = Debug|Any CPU
		{95254622-8FF1-46A2-A8BC-2307B4D13B2C}.Debug|Any CPU.Build.0 = Debug|Any CPU
		{95254622-8FF1-46A2-A8BC-2307B4D13B2C}.Release|Any CPU.ActiveCfg = Release|Any CPU
		{95254622-8FF1-46A2-A8BC-2307B4D13B2C}.Release|Any CPU.Build.0 = Release|Any CPU
		{FD439F67-C5BD-4E36-B1EB-B089D01EB672}.Debug|Any CPU.ActiveCfg = Debug|Any CPU
		{FD439F67-C5BD-4E36-B1EB-B089D01EB672}.Debug|Any CPU.Build.0 = Debug|Any CPU
		{FD439F67-C5BD-4E36-B1EB-B089D01EB672}.Release|Any CPU.ActiveCfg = Release|Any CPU
		{FD439F67-C5BD-4E36-B1EB-B089D01EB672}.Release|Any CPU.Build.0 = Release|Any CPU
	EndGlobalSection
	GlobalSection(SolutionProperties) = preSolution
		HideSolutionNode = FALSE
	EndGlobalSection
	GlobalSection(NestedProjects) = preSolution
		{40E46B9F-6657-4A73-9953-A6D1BD71C64B} = {0F9CB354-E5FF-40A6-845C-D1A4DD665B44}
		{7BDF0BC6-CAB1-4231-BD30-71E3658C1370} = {0F9CB354-E5FF-40A6-845C-D1A4DD665B44}
		{095917C5-6B66-4F83-8DC9-0C127EF428CE} = {0F9CB354-E5FF-40A6-845C-D1A4DD665B44}
		{68E1C37A-B294-4EED-A44D-CDF719DB34EB} = {0F9CB354-E5FF-40A6-845C-D1A4DD665B44}
		{5E8CC168-0F40-4B7C-A78A-07F2D2AF0972} = {0474408A-01B6-41A8-B575-939A62DFBCD0}
		{9BA6D664-BD17-40BC-B84D-976E63CEB3B1} = {0474408A-01B6-41A8-B575-939A62DFBCD0}
		{C9D9F540-3F16-4294-8244-5669C4DA141C} = {0F9CB354-E5FF-40A6-845C-D1A4DD665B44}
		{C7900AF5-C9B4-4439-8DFA-1E45A4C574F1} = {0F9CB354-E5FF-40A6-845C-D1A4DD665B44}
		{8CE6E6CF-8984-40BD-8C8E-50774B02108D} = {0474408A-01B6-41A8-B575-939A62DFBCD0}
		{B1AFE100-C320-44DE-9E5A-702A483DEC9D} = {0474408A-01B6-41A8-B575-939A62DFBCD0}
		{445DF7A2-D683-4866-BC38-97C53F0F270E} = {0474408A-01B6-41A8-B575-939A62DFBCD0}
		{C64DE42A-F673-4EDD-BD97-DE590D80E695} = {0474408A-01B6-41A8-B575-939A62DFBCD0}
		{5D42B406-9D6D-41FD-AF1C-EB1A21994868} = {0474408A-01B6-41A8-B575-939A62DFBCD0}
		{EB0FD25E-89DE-4EF0-ADF4-5E64A3CAA537} = {0474408A-01B6-41A8-B575-939A62DFBCD0}
		{6F6E37B5-23CF-4BA5-925C-644E9691B99D} = {0474408A-01B6-41A8-B575-939A62DFBCD0}
		{8E5DD43E-9146-4015-9F69-76D33342ACBE} = {0474408A-01B6-41A8-B575-939A62DFBCD0}
		{58C79F6A-F178-44D1-B75E-0BE57293EB9F} = {0474408A-01B6-41A8-B575-939A62DFBCD0}
		{77EBBD4C-C200-4BD3-9C93-CD75D50B01B1} = {0474408A-01B6-41A8-B575-939A62DFBCD0}
		{90181185-F643-4577-AB8B-664F4C022757} = {0474408A-01B6-41A8-B575-939A62DFBCD0}
		{E435DA75-DA3D-4233-A65E-7C56C1CEC014} = {0474408A-01B6-41A8-B575-939A62DFBCD0}
		{1921705D-CF74-4D4D-AC7C-33B73FF9D8A7} = {0474408A-01B6-41A8-B575-939A62DFBCD0}
		{8D1A3D4B-3366-4168-82DB-C8998612471F} = {0474408A-01B6-41A8-B575-939A62DFBCD0}
		{20DF195C-F4BE-4E01-8EC9-DF69D488D00D} = {0474408A-01B6-41A8-B575-939A62DFBCD0}
		{CB4DA202-1D4F-41E2-997B-D9C2BF6221D5} = {1A399658-A113-45A9-A511-07CF19A35F71}
		{BDF80DB2-620C-4F1F-BD02-BB3995DE81E0} = {0F9CB354-E5FF-40A6-845C-D1A4DD665B44}
		{82399932-0AC3-4CFD-BFED-9E95FAAA9C7E} = {0FC6B6BF-BB80-41B4-90E6-7730A452F855}
		{57DB934A-55EB-4D1D-952F-07BB214D4F93} = {0FC6B6BF-BB80-41B4-90E6-7730A452F855}
		{5DEAE7E9-32DD-47B5-9895-D88FF881D7C2} = {0FC6B6BF-BB80-41B4-90E6-7730A452F855}
		{53E5DF7C-A0A9-4C30-8B3C-9974FCA64FB7} = {0FC6B6BF-BB80-41B4-90E6-7730A452F855}
		{015B37D8-87EA-416E-8633-A1555BFD11E9} = {0FC6B6BF-BB80-41B4-90E6-7730A452F855}
		{244E145F-F731-42DF-9A61-A67B939BB033} = {0FC6B6BF-BB80-41B4-90E6-7730A452F855}
		{35E05A09-5990-418F-BFB2-D3B1059EDF89} = {0FC6B6BF-BB80-41B4-90E6-7730A452F855}
		{B5BB10C3-7963-4877-B59F-77CCA884BFCC} = {DA4BC45A-4ABB-4B2C-A015-7444C6C5EE73}
		{77737C0D-1A47-404B-B3C4-4B7C2318E0F9} = {0F9CB354-E5FF-40A6-845C-D1A4DD665B44}
		{7C2B8E5C-1121-4053-986A-7EF9F8D79FD4} = {0F9CB354-E5FF-40A6-845C-D1A4DD665B44}
		{EA494279-53DF-4DC3-B880-10BD0490CAC3} = {0F9CB354-E5FF-40A6-845C-D1A4DD665B44}
		{49F47A3B-3ACB-4726-88C5-554DE353C892} = {DA4BC45A-4ABB-4B2C-A015-7444C6C5EE73}
		{89797B28-63CF-43A8-B797-A61C29843192} = {DA4BC45A-4ABB-4B2C-A015-7444C6C5EE73}
		{6E48C41A-D4CA-4D3D-8F4A-320B4D0628FA} = {0F9CB354-E5FF-40A6-845C-D1A4DD665B44}
		{AE2CC7C8-7E09-4054-8BEA-13AA8DDE852C} = {0F9CB354-E5FF-40A6-845C-D1A4DD665B44}
		{E48A7A0C-77B4-4DCB-AAED-809394E642B9} = {0F9CB354-E5FF-40A6-845C-D1A4DD665B44}
		{95254622-8FF1-46A2-A8BC-2307B4D13B2C} = {0F9CB354-E5FF-40A6-845C-D1A4DD665B44}
		{FD439F67-C5BD-4E36-B1EB-B089D01EB672} = {DA4BC45A-4ABB-4B2C-A015-7444C6C5EE73}
	EndGlobalSection
	GlobalSection(ExtensibilityGlobals) = postSolution
		SolutionGuid = {C1964976-33CE-4B60-8E70-E8F7F80723CA}
	EndGlobalSection
EndGlobal
